{
  "name": "demo.deprecated",
  "lockfileVersion": 2,
  "requires": true,
  "packages": {
    "": {
      "dependencies": {
        "@webav/av-cliper": "^1.1.1"
      }
    },
    "node_modules/@webav/av-cliper": {
      "version": "1.1.1",
      "resolved": "https://registry.npmjs.org/@webav/av-cliper/-/av-cliper-1.1.1.tgz",
      "integrity": "sha512-WJ549ckPyCqN1SBBZ4Z6eHOfVlL4cZEr0wxj7v3JoAGm6IvyqXD11r15XjdifAZuQDWprnVO2med36n/OWItnw==",
      "dependencies": {
        "@webav/internal-utils": "1.1.1",
        "@webav/mp4box.js": "0.5.6",
        "opfs-tools": "^0.7.2",
        "wave-resampler": "^1.0.0"
      }
    },
    "node_modules/@webav/internal-utils": {
      "version": "1.1.1",
      "resolved": "https://registry.npmjs.org/@webav/internal-utils/-/internal-utils-1.1.1.tgz",
      "integrity": "sha512-FOdwGsCQcCTMIUnLv+ODyGwCeJXy8ZEwp80Fd4/VZ1tGOYxkS+dfXTBYMGfR3lYG5uLglmXDJGAiFzvIk7ivvw==",
      "dependencies": {
        "@webav/mp4box.js": "0.5.6"
      }
    },
    "node_modules/@webav/mp4box.js": {
      "version": "0.5.6",
      "resolved": "https://registry.npmjs.org/@webav/mp4box.js/-/mp4box.js-0.5.6.tgz",
      "integrity": "sha512-DpZQlr624oyLwnmJjNIWggk4d2dfKsAwQdNMVf0akjx0BtXL45Fmd49tm0ekn9d9dB3zBIxxsgco5IcJQGpt4Q=="
    },
    "node_modules/opfs-tools": {
      "version": "0.7.2",
      "resolved": "https://registry.npmjs.org/opfs-tools/-/opfs-tools-0.7.2.tgz",
      "integrity": "sha512-ITMh4BnRCh/wFDFFaTsZOFLGUCoXbtn4KH1qh4S2LLF31+afqhXxz0NK74wqyRB5tbgnDD2SDcn7J4HeEVuvgg=="
    },
    "node_modules/wave-resampler": {
      "version": "1.0.0",
      "resolved": "https://registry.npmjs.org/wave-resampler/-/wave-resampler-1.0.0.tgz",
      "integrity": "sha512-bE3rbpZXuKAV52Cd8/BeJvy82ZqEHK8pPWHrZ9JioaVVTBlmWbDC+u4p9blhFcf0Skepb4hlOAHc25XfqLC48g==",
      "engines": {
        "node": ">=8"
      }
    }
  },
  "dependencies": {
    "@webav/av-cliper": {
      "version": "1.1.1",
      "resolved": "https://registry.npmjs.org/@webav/av-cliper/-/av-cliper-1.1.1.tgz",
      "integrity": "sha512-WJ549ckPyCqN1SBBZ4Z6eHOfVlL4cZEr0wxj7v3JoAGm6IvyqXD11r15XjdifAZuQDWprnVO2med36n/OWItnw==",
      "requires": {
        "@webav/internal-utils": "1.1.1",
        "@webav/mp4box.js": "0.5.6",
        "opfs-tools": "^0.7.2",
        "wave-resampler": "^1.0.0"
      }
    },
    "@webav/internal-utils": {
      "version": "1.1.1",
      "resolved": "https://registry.npmjs.org/@webav/internal-utils/-/internal-utils-1.1.1.tgz",
      "integrity": "sha512-FOdwGsCQcCTMIUnLv+ODyGwCeJXy8ZEwp80Fd4/VZ1tGOYxkS+dfXTBYMGfR3lYG5uLglmXDJGAiFzvIk7ivvw==",
      "requires": {
        "@webav/mp4box.js": "0.5.6"
      }
    },
    "@webav/mp4box.js": {
      "version": "0.5.6",
      "resolved": "https://registry.npmjs.org/@webav/mp4box.js/-/mp4box.js-0.5.6.tgz",
      "integrity": "sha512-DpZQlr624oyLwnmJjNIWggk4d2dfKsAwQdNMVf0akjx0BtXL45Fmd49tm0ekn9d9dB3zBIxxsgco5IcJQGpt4Q=="
    },
    "opfs-tools": {
      "version": "0.7.2",
      "resolved": "https://registry.npmjs.org/opfs-tools/-/opfs-tools-0.7.2.tgz",
      "integrity": "sha512-ITMh4BnRCh/wFDFFaTsZOFLGUCoXbtn4KH1qh4S2LLF31+afqhXxz0NK74wqyRB5tbgnDD2SDcn7J4HeEVuvgg=="
    },
    "wave-resampler": {
      "version": "1.0.0",
      "resolved": "https://registry.npmjs.org/wave-resampler/-/wave-resampler-1.0.0.tgz",
      "integrity": "sha512-bE3rbpZXuKAV52Cd8/BeJvy82ZqEHK8pPWHrZ9JioaVVTBlmWbDC+u4p9blhFcf0Skepb4hlOAHc25XfqLC48g=="
    }
  }
}
